// !$*UTF8*$!
{
	archiveVersion = 1;
	classes = {
	};
	objectVersion = 56;
	objects = {

/* Begin PBXBuildFile section */
		67CAF8C52CD08ACD0036711A /* Tiktok_TutorialApp.swift in Sources */ = {isa = PBXBuildFile; fileRef = 67CAF8C42CD08ACD0036711A /* Tiktok_TutorialApp.swift */; };
		67CAF8C72CD08ACD0036711A /* ContentView.swift in Sources */ = {isa = PBXBuildFile; fileRef = 67CAF8C62CD08ACD0036711A /* ContentView.swift */; };
		67CAF8C92CD08ACF0036711A /* Assets.xcassets in Resources */ = {isa = PBXBuildFile; fileRef = 67CAF8C82CD08ACF0036711A /* Assets.xcassets */; };
		67CAF8CC2CD08ACF0036711A /* Preview Assets.xcassets in Resources */ = {isa = PBXBuildFile; fileRef = 67CAF8CB2CD08ACF0036711A /* Preview Assets.xcassets */; };
		67CAF8E32CD1893B0036711A /* MainTabView.swift in Sources */ = {isa = PBXBuildFile; fileRef = 67CAF8E22CD1893B0036711A /* MainTabView.swift */; };
		67CAF8E52CD240880036711A /* FeedView.swift in Sources */ = {isa = PBXBuildFile; fileRef = 67CAF8E42CD240880036711A /* FeedView.swift */; };
		67CAF8E72CD24A7E0036711A /* FeedCell.swift in Sources */ = {isa = PBXBuildFile; fileRef = 67CAF8E62CD24A7E0036711A /* FeedCell.swift */; };
		67CAF8E92CD29FCF0036711A /* ExploreView.swift in Sources */ = {isa = PBXBuildFile; fileRef = 67CAF8E82CD29FCF0036711A /* ExploreView.swift */; };
		67CAF8EB2CD29FE10036711A /* UserCell.swift in Sources */ = {isa = PBXBuildFile; fileRef = 67CAF8EA2CD29FE10036711A /* UserCell.swift */; };
		67CAF8ED2CD312E20036711A /* NotificationView.swift in Sources */ = {isa = PBXBuildFile; fileRef = 67CAF8EC2CD312E20036711A /* NotificationView.swift */; };
		67CAF8EF2CD312ED0036711A /* NotificationCell.swift in Sources */ = {isa = PBXBuildFile; fileRef = 67CAF8EE2CD312ED0036711A /* NotificationCell.swift */; };
		67E6DC472CDAAA6600610896 /* User.swift in Sources */ = {isa = PBXBuildFile; fileRef = 67E6DC462CDAAA6600610896 /* User.swift */; };
		67E6DC4A2CDAAC1F00610896 /* UserService.swift in Sources */ = {isa = PBXBuildFile; fileRef = 67E6DC492CDAAC1F00610896 /* UserService.swift */; };
		67E6DC4C2CDB909900610896 /* PreviewProvider.swift in Sources */ = {isa = PBXBuildFile; fileRef = 67E6DC4B2CDB909900610896 /* PreviewProvider.swift */; };
		67E6DC502CDB953800610896 /* ExploreViewModel.swift in Sources */ = {isa = PBXBuildFile; fileRef = 67E6DC4F2CDB953800610896 /* ExploreViewModel.swift */; };
		67F2F3902CD39D8E0093774B /* CurrentUserProfileView.swift in Sources */ = {isa = PBXBuildFile; fileRef = 67F2F38F2CD39D8E0093774B /* CurrentUserProfileView.swift */; };
		67F2F3922CD3A70B0093774B /* ProfileHeaderView.swift in Sources */ = {isa = PBXBuildFile; fileRef = 67F2F3912CD3A70B0093774B /* ProfileHeaderView.swift */; };
		67F2F3942CD3A7200093774B /* PostGridView.swift in Sources */ = {isa = PBXBuildFile; fileRef = 67F2F3932CD3A7200093774B /* PostGridView.swift */; };
		67F2F3982CD3AA510093774B /* UserStatView.swift in Sources */ = {isa = PBXBuildFile; fileRef = 67F2F3972CD3AA510093774B /* UserStatView.swift */; };
		67F2F39A2CD416080093774B /* Post.swift in Sources */ = {isa = PBXBuildFile; fileRef = 67F2F3992CD416080093774B /* Post.swift */; };
		67F2F39F2CD416890093774B /* FeedViewModel.swift in Sources */ = {isa = PBXBuildFile; fileRef = 67F2F39E2CD416890093774B /* FeedViewModel.swift */; };
		67F2F3A12CD423A80093774B /* CustomVideoPlayer.swift in Sources */ = {isa = PBXBuildFile; fileRef = 67F2F3A02CD423A80093774B /* CustomVideoPlayer.swift */; };
		67F2F3AC2CD688450093774B /* LoginView.swift in Sources */ = {isa = PBXBuildFile; fileRef = 67F2F3AB2CD688450093774B /* LoginView.swift */; };
		67F2F3AE2CD6884E0093774B /* RegistrationView.swift in Sources */ = {isa = PBXBuildFile; fileRef = 67F2F3AD2CD6884E0093774B /* RegistrationView.swift */; };
		67F2F3B02CD68A360093774B /* StandardTextFieldModifier.swift in Sources */ = {isa = PBXBuildFile; fileRef = 67F2F3AF2CD68A360093774B /* StandardTextFieldModifier.swift */; };
		67F2F3B22CD6BDD50093774B /* AuthenticationFormProtocol.swift in Sources */ = {isa = PBXBuildFile; fileRef = 67F2F3B12CD6BDD50093774B /* AuthenticationFormProtocol.swift */; };
		67F2F3B42CD7A5270093774B /* GoogleService-Info.plist in Resources */ = {isa = PBXBuildFile; fileRef = 67F2F3B32CD7A5270093774B /* GoogleService-Info.plist */; };
		67F2F3B72CD7A61A0093774B /* FirebaseAnalytics in Frameworks */ = {isa = PBXBuildFile; productRef = 67F2F3B62CD7A61A0093774B /* FirebaseAnalytics */; };
		67F2F3B92CD7A61A0093774B /* FirebaseAnalyticsOnDeviceConversion in Frameworks */ = {isa = PBXBuildFile; productRef = 67F2F3B82CD7A61A0093774B /* FirebaseAnalyticsOnDeviceConversion */; };
		67F2F3BB2CD7A61A0093774B /* FirebaseAnalyticsWithoutAdIdSupport in Frameworks */ = {isa = PBXBuildFile; productRef = 67F2F3BA2CD7A61A0093774B /* FirebaseAnalyticsWithoutAdIdSupport */; };
		67F2F3BD2CD7A61A0093774B /* FirebaseAppCheck in Frameworks */ = {isa = PBXBuildFile; productRef = 67F2F3BC2CD7A61A0093774B /* FirebaseAppCheck */; };
		67F2F3BF2CD7A61A0093774B /* FirebaseAppDistribution-Beta in Frameworks */ = {isa = PBXBuildFile; productRef = 67F2F3BE2CD7A61A0093774B /* FirebaseAppDistribution-Beta */; };
		67F2F3C12CD7A61A0093774B /* FirebaseAuth in Frameworks */ = {isa = PBXBuildFile; productRef = 67F2F3C02CD7A61A0093774B /* FirebaseAuth */; };
		67F2F3C32CD7A61A0093774B /* FirebaseAuthCombine-Community in Frameworks */ = {isa = PBXBuildFile; productRef = 67F2F3C22CD7A61A0093774B /* FirebaseAuthCombine-Community */; };
		67F2F3C52CD7A61A0093774B /* FirebaseCore in Frameworks */ = {isa = PBXBuildFile; productRef = 67F2F3C42CD7A61A0093774B /* FirebaseCore */; };
		67F2F3C72CD7A61A0093774B /* FirebaseCrashlytics in Frameworks */ = {isa = PBXBuildFile; productRef = 67F2F3C62CD7A61A0093774B /* FirebaseCrashlytics */; };
		67F2F3C92CD7A61A0093774B /* FirebaseDatabase in Frameworks */ = {isa = PBXBuildFile; productRef = 67F2F3C82CD7A61A0093774B /* FirebaseDatabase */; };
		67F2F3CB2CD7A61A0093774B /* FirebaseDynamicLinks in Frameworks */ = {isa = PBXBuildFile; productRef = 67F2F3CA2CD7A61A0093774B /* FirebaseDynamicLinks */; };
		67F2F3CD2CD7A61A0093774B /* FirebaseFirestore in Frameworks */ = {isa = PBXBuildFile; productRef = 67F2F3CC2CD7A61A0093774B /* FirebaseFirestore */; };
		67F2F3CF2CD7A61A0093774B /* FirebaseFirestoreCombine-Community in Frameworks */ = {isa = PBXBuildFile; productRef = 67F2F3CE2CD7A61A0093774B /* FirebaseFirestoreCombine-Community */; };
		67F2F3D12CD7A61A0093774B /* FirebaseFunctions in Frameworks */ = {isa = PBXBuildFile; productRef = 67F2F3D02CD7A61A0093774B /* FirebaseFunctions */; };
		67F2F3D32CD7A61A0093774B /* FirebaseFunctionsCombine-Community in Frameworks */ = {isa = PBXBuildFile; productRef = 67F2F3D22CD7A61A0093774B /* FirebaseFunctionsCombine-Community */; };
		67F2F3D52CD7A61A0093774B /* FirebaseInAppMessaging-Beta in Frameworks */ = {isa = PBXBuildFile; productRef = 67F2F3D42CD7A61A0093774B /* FirebaseInAppMessaging-Beta */; };
		67F2F3D72CD7A61A0093774B /* FirebaseInstallations in Frameworks */ = {isa = PBXBuildFile; productRef = 67F2F3D62CD7A61A0093774B /* FirebaseInstallations */; };
		67F2F3D92CD7A61A0093774B /* FirebaseMLModelDownloader in Frameworks */ = {isa = PBXBuildFile; productRef = 67F2F3D82CD7A61A0093774B /* FirebaseMLModelDownloader */; };
		67F2F3DB2CD7A61A0093774B /* FirebaseMessaging in Frameworks */ = {isa = PBXBuildFile; productRef = 67F2F3DA2CD7A61A0093774B /* FirebaseMessaging */; };
		67F2F3DD2CD7A61A0093774B /* FirebasePerformance in Frameworks */ = {isa = PBXBuildFile; productRef = 67F2F3DC2CD7A61A0093774B /* FirebasePerformance */; };
		67F2F3DF2CD7A61A0093774B /* FirebaseRemoteConfig in Frameworks */ = {isa = PBXBuildFile; productRef = 67F2F3DE2CD7A61A0093774B /* FirebaseRemoteConfig */; };
		67F2F3E12CD7A61A0093774B /* FirebaseStorage in Frameworks */ = {isa = PBXBuildFile; productRef = 67F2F3E02CD7A61A0093774B /* FirebaseStorage */; };
		67F2F3E32CD7A61A0093774B /* FirebaseStorageCombine-Community in Frameworks */ = {isa = PBXBuildFile; productRef = 67F2F3E22CD7A61A0093774B /* FirebaseStorageCombine-Community */; };
		67F2F3E52CD7A61A0093774B /* FirebaseVertexAI in Frameworks */ = {isa = PBXBuildFile; productRef = 67F2F3E42CD7A61A0093774B /* FirebaseVertexAI */; };
		67F2F3E72CD7C1780093774B /* AuthService.swift in Sources */ = {isa = PBXBuildFile; fileRef = 67F2F3E62CD7C1780093774B /* AuthService.swift */; };
		67F2F3E92CD7C4A10093774B /* LoginViewModel.swift in Sources */ = {isa = PBXBuildFile; fileRef = 67F2F3E82CD7C4A10093774B /* LoginViewModel.swift */; };
		67F2F3EB2CD7CBE10093774B /* RegistrationViewModel.swift in Sources */ = {isa = PBXBuildFile; fileRef = 67F2F3EA2CD7CBE10093774B /* RegistrationViewModel.swift */; };
		67F2F3ED2CD7DC580093774B /* ContentViewModel.swift in Sources */ = {isa = PBXBuildFile; fileRef = 67F2F3EC2CD7DC580093774B /* ContentViewModel.swift */; };
/* End PBXBuildFile section */

/* Begin PBXFileReference section */
		67CAF8C12CD08ACD0036711A /* Tiktok Tutorial.app */ = {isa = PBXFileReference; explicitFileType = wrapper.application; includeInIndex = 0; path = "Tiktok Tutorial.app"; sourceTree = BUILT_PRODUCTS_DIR; };
		67CAF8C42CD08ACD0036711A /* Tiktok_TutorialApp.swift */ = {isa = PBXFileReference; lastKnownFileType = sourcecode.swift; path = Tiktok_TutorialApp.swift; sourceTree = "<group>"; };
		67CAF8C62CD08ACD0036711A /* ContentView.swift */ = {isa = PBXFileReference; lastKnownFileType = sourcecode.swift; path = ContentView.swift; sourceTree = "<group>"; };
		67CAF8C82CD08ACF0036711A /* Assets.xcassets */ = {isa = PBXFileReference; lastKnownFileType = folder.assetcatalog; path = Assets.xcassets; sourceTree = "<group>"; };
		67CAF8CB2CD08ACF0036711A /* Preview Assets.xcassets */ = {isa = PBXFileReference; lastKnownFileType = folder.assetcatalog; path = "Preview Assets.xcassets"; sourceTree = "<group>"; };
		67CAF8E22CD1893B0036711A /* MainTabView.swift */ = {isa = PBXFileReference; lastKnownFileType = sourcecode.swift; path = MainTabView.swift; sourceTree = "<group>"; };
		67CAF8E42CD240880036711A /* FeedView.swift */ = {isa = PBXFileReference; lastKnownFileType = sourcecode.swift; path = FeedView.swift; sourceTree = "<group>"; };
		67CAF8E62CD24A7E0036711A /* FeedCell.swift */ = {isa = PBXFileReference; lastKnownFileType = sourcecode.swift; path = FeedCell.swift; sourceTree = "<group>"; };
		67CAF8E82CD29FCF0036711A /* ExploreView.swift */ = {isa = PBXFileReference; lastKnownFileType = sourcecode.swift; path = ExploreView.swift; sourceTree = "<group>"; };
		67CAF8EA2CD29FE10036711A /* UserCell.swift */ = {isa = PBXFileReference; lastKnownFileType = sourcecode.swift; path = UserCell.swift; sourceTree = "<group>"; };
		67CAF8EC2CD312E20036711A /* NotificationView.swift */ = {isa = PBXFileReference; lastKnownFileType = sourcecode.swift; path = NotificationView.swift; sourceTree = "<group>"; };
		67CAF8EE2CD312ED0036711A /* NotificationCell.swift */ = {isa = PBXFileReference; lastKnownFileType = sourcecode.swift; path = NotificationCell.swift; sourceTree = "<group>"; };
		67E6DC462CDAAA6600610896 /* User.swift */ = {isa = PBXFileReference; lastKnownFileType = sourcecode.swift; path = User.swift; sourceTree = "<group>"; };
		67E6DC492CDAAC1F00610896 /* UserService.swift */ = {isa = PBXFileReference; lastKnownFileType = sourcecode.swift; path = UserService.swift; sourceTree = "<group>"; };
		67E6DC4B2CDB909900610896 /* PreviewProvider.swift */ = {isa = PBXFileReference; lastKnownFileType = sourcecode.swift; path = PreviewProvider.swift; sourceTree = "<group>"; };
		67E6DC4F2CDB953800610896 /* ExploreViewModel.swift */ = {isa = PBXFileReference; lastKnownFileType = sourcecode.swift; path = ExploreViewModel.swift; sourceTree = "<group>"; };
		67F2F38F2CD39D8E0093774B /* CurrentUserProfileView.swift */ = {isa = PBXFileReference; lastKnownFileType = sourcecode.swift; path = CurrentUserProfileView.swift; sourceTree = "<group>"; };
		67F2F3912CD3A70B0093774B /* ProfileHeaderView.swift */ = {isa = PBXFileReference; lastKnownFileType = sourcecode.swift; path = ProfileHeaderView.swift; sourceTree = "<group>"; };
		67F2F3932CD3A7200093774B /* PostGridView.swift */ = {isa = PBXFileReference; lastKnownFileType = sourcecode.swift; path = PostGridView.swift; sourceTree = "<group>"; };
		67F2F3972CD3AA510093774B /* UserStatView.swift */ = {isa = PBXFileReference; lastKnownFileType = sourcecode.swift; path = UserStatView.swift; sourceTree = "<group>"; };
		67F2F3992CD416080093774B /* Post.swift */ = {isa = PBXFileReference; lastKnownFileType = sourcecode.swift; path = Post.swift; sourceTree = "<group>"; };
		67F2F39E2CD416890093774B /* FeedViewModel.swift */ = {isa = PBXFileReference; lastKnownFileType = sourcecode.swift; path = FeedViewModel.swift; sourceTree = "<group>"; };
		67F2F3A02CD423A80093774B /* CustomVideoPlayer.swift */ = {isa = PBXFileReference; lastKnownFileType = sourcecode.swift; path = CustomVideoPlayer.swift; sourceTree = "<group>"; };
		67F2F3AB2CD688450093774B /* LoginView.swift */ = {isa = PBXFileReference; lastKnownFileType = sourcecode.swift; path = LoginView.swift; sourceTree = "<group>"; };
		67F2F3AD2CD6884E0093774B /* RegistrationView.swift */ = {isa = PBXFileReference; lastKnownFileType = sourcecode.swift; path = RegistrationView.swift; sourceTree = "<group>"; };
		67F2F3AF2CD68A360093774B /* StandardTextFieldModifier.swift */ = {isa = PBXFileReference; lastKnownFileType = sourcecode.swift; path = StandardTextFieldModifier.swift; sourceTree = "<group>"; };
		67F2F3B12CD6BDD50093774B /* AuthenticationFormProtocol.swift */ = {isa = PBXFileReference; lastKnownFileType = sourcecode.swift; path = AuthenticationFormProtocol.swift; sourceTree = "<group>"; };
		67F2F3B32CD7A5270093774B /* GoogleService-Info.plist */ = {isa = PBXFileReference; fileEncoding = 4; lastKnownFileType = text.plist.xml; path = "GoogleService-Info.plist"; sourceTree = "<group>"; };
		67F2F3E62CD7C1780093774B /* AuthService.swift */ = {isa = PBXFileReference; lastKnownFileType = sourcecode.swift; path = AuthService.swift; sourceTree = "<group>"; };
		67F2F3E82CD7C4A10093774B /* LoginViewModel.swift */ = {isa = PBXFileReference; lastKnownFileType = sourcecode.swift; path = LoginViewModel.swift; sourceTree = "<group>"; };
		67F2F3EA2CD7CBE10093774B /* RegistrationViewModel.swift */ = {isa = PBXFileReference; lastKnownFileType = sourcecode.swift; path = RegistrationViewModel.swift; sourceTree = "<group>"; };
		67F2F3EC2CD7DC580093774B /* ContentViewModel.swift */ = {isa = PBXFileReference; lastKnownFileType = sourcecode.swift; path = ContentViewModel.swift; sourceTree = "<group>"; };
/* End PBXFileReference section */

/* Begin PBXFrameworksBuildPhase section */
		67CAF8BE2CD08ACD0036711A /* Frameworks */ = {
			isa = PBXFrameworksBuildPhase;
			buildActionMask = 2147483647;
			files = (
				67F2F3CF2CD7A61A0093774B /* FirebaseFirestoreCombine-Community in Frameworks */,
				67F2F3E52CD7A61A0093774B /* FirebaseVertexAI in Frameworks */,
				67F2F3D12CD7A61A0093774B /* FirebaseFunctions in Frameworks */,
				67F2F3DD2CD7A61A0093774B /* FirebasePerformance in Frameworks */,
				67F2F3E32CD7A61A0093774B /* FirebaseStorageCombine-Community in Frameworks */,
				67F2F3DF2CD7A61A0093774B /* FirebaseRemoteConfig in Frameworks */,
				67F2F3C92CD7A61A0093774B /* FirebaseDatabase in Frameworks */,
				67F2F3CB2CD7A61A0093774B /* FirebaseDynamicLinks in Frameworks */,
				67F2F3BD2CD7A61A0093774B /* FirebaseAppCheck in Frameworks */,
				67F2F3C12CD7A61A0093774B /* FirebaseAuth in Frameworks */,
				67F2F3B72CD7A61A0093774B /* FirebaseAnalytics in Frameworks */,
				67F2F3CD2CD7A61A0093774B /* FirebaseFirestore in Frameworks */,
				67F2F3DB2CD7A61A0093774B /* FirebaseMessaging in Frameworks */,
				67F2F3D72CD7A61A0093774B /* FirebaseInstallations in Frameworks */,
				67F2F3D32CD7A61A0093774B /* FirebaseFunctionsCombine-Community in Frameworks */,
				67F2F3BF2CD7A61A0093774B /* FirebaseAppDistribution-Beta in Frameworks */,
				67F2F3BB2CD7A61A0093774B /* FirebaseAnalyticsWithoutAdIdSupport in Frameworks */,
				67F2F3D52CD7A61A0093774B /* FirebaseInAppMessaging-Beta in Frameworks */,
				67F2F3C32CD7A61A0093774B /* FirebaseAuthCombine-Community in Frameworks */,
				67F2F3C72CD7A61A0093774B /* FirebaseCrashlytics in Frameworks */,
				67F2F3D92CD7A61A0093774B /* FirebaseMLModelDownloader in Frameworks */,
				67F2F3E12CD7A61A0093774B /* FirebaseStorage in Frameworks */,
				67F2F3C52CD7A61A0093774B /* FirebaseCore in Frameworks */,
				67F2F3B92CD7A61A0093774B /* FirebaseAnalyticsOnDeviceConversion in Frameworks */,
			);
			runOnlyForDeploymentPostprocessing = 0;
		};
/* End PBXFrameworksBuildPhase section */

/* Begin PBXGroup section */
		67CAF8B82CD08ACC0036711A = {
			isa = PBXGroup;
			children = (
				67CAF8C32CD08ACD0036711A /* Tiktok Tutorial */,
				67CAF8C22CD08ACD0036711A /* Products */,
				67E6DC482CDAAC0D00610896 /* Frameworks */,
			);
			sourceTree = "<group>";
		};
		67CAF8C22CD08ACD0036711A /* Products */ = {
			isa = PBXGroup;
			children = (
				67CAF8C12CD08ACD0036711A /* Tiktok Tutorial.app */,
			);
			name = Products;
			sourceTree = "<group>";
		};
		67CAF8C32CD08ACD0036711A /* Tiktok Tutorial */ = {
			isa = PBXGroup;
			children = (
				67CAF8D72CD14F0C0036711A /* App */,
				67CAF8D62CD14F090036711A /* Core */,
				67CAF8D52CD14F060036711A /* Extensions */,
				67CAF8D42CD14F040036711A /* Model */,
				67CAF8D32CD14F010036711A /* Services */,
				67CAF8D22CD14EEE0036711A /* Utils */,
				67CAF8C82CD08ACF0036711A /* Assets.xcassets */,
				67F2F3B32CD7A5270093774B /* GoogleService-Info.plist */,
				67CAF8CA2CD08ACF0036711A /* Preview Content */,
			);
			path = "Tiktok Tutorial";
			sourceTree = "<group>";
		};
		67CAF8CA2CD08ACF0036711A /* Preview Content */ = {
			isa = PBXGroup;
			children = (
				67CAF8CB2CD08ACF0036711A /* Preview Assets.xcassets */,
			);
			path = "Preview Content";
			sourceTree = "<group>";
		};
		67CAF8D22CD14EEE0036711A /* Utils */ = {
			isa = PBXGroup;
			children = (
				67F2F3AF2CD68A360093774B /* StandardTextFieldModifier.swift */,
			);
			path = Utils;
			sourceTree = "<group>";
		};
		67CAF8D32CD14F010036711A /* Services */ = {
			isa = PBXGroup;
			children = (
				67E6DC492CDAAC1F00610896 /* UserService.swift */,
			);
			path = Services;
			sourceTree = "<group>";
		};
		67CAF8D42CD14F040036711A /* Model */ = {
			isa = PBXGroup;
			children = (
				67F2F3992CD416080093774B /* Post.swift */,
				67E6DC462CDAAA6600610896 /* User.swift */,
			);
			path = Model;
			sourceTree = "<group>";
		};
		67CAF8D52CD14F060036711A /* Extensions */ = {
			isa = PBXGroup;
			children = (
				67E6DC4B2CDB909900610896 /* PreviewProvider.swift */,
			);
			path = Extensions;
			sourceTree = "<group>";
		};
		67CAF8D62CD14F090036711A /* Core */ = {
			isa = PBXGroup;
			children = (
				67CAF8D82CD14F450036711A /* Authentication */,
				67CAF8D92CD14FEC0036711A /* Comments */,
				67CAF8DA2CD150090036711A /* Components */,
				67CAF8DB2CD150140036711A /* Feed */,
				67CAF8DC2CD1501A0036711A /* Notifications */,
				67CAF8DD2CD150210036711A /* Profile */,
				67CAF8DE2CD150270036711A /* Root */,
				67CAF8DF2CD150320036711A /* Search */,
				67CAF8E02CD1503D0036711A /* TabBar */,
				67CAF8E12CD150440036711A /* UploadMedia */,
			);
			path = Core;
			sourceTree = "<group>";
		};
		67CAF8D72CD14F0C0036711A /* App */ = {
			isa = PBXGroup;
			children = (
				67CAF8C42CD08ACD0036711A /* Tiktok_TutorialApp.swift */,
			);
			path = App;
			sourceTree = "<group>";
		};
		67CAF8D82CD14F450036711A /* Authentication */ = {
			isa = PBXGroup;
			children = (
				67F2F3A62CD686940093774B /* Model */,
				67F2F3A52CD686910093774B /* Protocols */,
				67F2F3A42CD6868E0093774B /* Service */,
				67F2F3A32CD6868B0093774B /* View */,
				67F2F3A22CD686860093774B /* ViewModel */,
			);
			path = Authentication;
			sourceTree = "<group>";
		};
		67CAF8D92CD14FEC0036711A /* Comments */ = {
			isa = PBXGroup;
			children = (
			);
			path = Comments;
			sourceTree = "<group>";
		};
		67CAF8DA2CD150090036711A /* Components */ = {
			isa = PBXGroup;
			children = (
				67F2F3A02CD423A80093774B /* CustomVideoPlayer.swift */,
			);
			path = Components;
			sourceTree = "<group>";
		};
		67CAF8DB2CD150140036711A /* Feed */ = {
			isa = PBXGroup;
			children = (
				67F2F39D2CD4164C0093774B /* Service */,
				67F2F39C2CD416480093774B /* View */,
				67F2F39B2CD416440093774B /* ViewModel */,
			);
			path = Feed;
			sourceTree = "<group>";
		};
		67CAF8DC2CD1501A0036711A /* Notifications */ = {
			isa = PBXGroup;
			children = (
				67CAF8EC2CD312E20036711A /* NotificationView.swift */,
				67CAF8EE2CD312ED0036711A /* NotificationCell.swift */,
			);
			path = Notifications;
			sourceTree = "<group>";
		};
		67CAF8DD2CD150210036711A /* Profile */ = {
			isa = PBXGroup;
			children = (
				67F2F3952CD3AA380093774B /* Components */,
				67F2F3962CD3AA400093774B /* View */,
			);
			path = Profile;
			sourceTree = "<group>";
		};
		67CAF8DE2CD150270036711A /* Root */ = {
			isa = PBXGroup;
			children = (
				67CAF8C62CD08ACD0036711A /* ContentView.swift */,
				67F2F3EC2CD7DC580093774B /* ContentViewModel.swift */,
			);
			path = Root;
			sourceTree = "<group>";
		};
		67CAF8DF2CD150320036711A /* Search */ = {
			isa = PBXGroup;
			children = (
				67E6DC4E2CDB950100610896 /* View */,
				67E6DC4D2CDB94FE00610896 /* ViewModel */,
			);
			path = Search;
			sourceTree = "<group>";
		};
		67CAF8E02CD1503D0036711A /* TabBar */ = {
			isa = PBXGroup;
			children = (
				67CAF8E22CD1893B0036711A /* MainTabView.swift */,
			);
			path = TabBar;
			sourceTree = "<group>";
		};
		67CAF8E12CD150440036711A /* UploadMedia */ = {
			isa = PBXGroup;
			children = (
			);
			path = UploadMedia;
			sourceTree = "<group>";
		};
		67E6DC482CDAAC0D00610896 /* Frameworks */ = {
			isa = PBXGroup;
			children = (
			);
			name = Frameworks;
			sourceTree = "<group>";
		};
		67E6DC4D2CDB94FE00610896 /* ViewModel */ = {
			isa = PBXGroup;
			children = (
				67E6DC4F2CDB953800610896 /* ExploreViewModel.swift */,
			);
			path = ViewModel;
			sourceTree = "<group>";
		};
		67E6DC4E2CDB950100610896 /* View */ = {
			isa = PBXGroup;
			children = (
				67CAF8E82CD29FCF0036711A /* ExploreView.swift */,
				67CAF8EA2CD29FE10036711A /* UserCell.swift */,
			);
			path = View;
			sourceTree = "<group>";
		};
		67F2F3952CD3AA380093774B /* Components */ = {
			isa = PBXGroup;
			children = (
				67F2F3912CD3A70B0093774B /* ProfileHeaderView.swift */,
				67F2F3932CD3A7200093774B /* PostGridView.swift */,
				67F2F3972CD3AA510093774B /* UserStatView.swift */,
			);
			path = Components;
			sourceTree = "<group>";
		};
		67F2F3962CD3AA400093774B /* View */ = {
			isa = PBXGroup;
			children = (
				67F2F38F2CD39D8E0093774B /* CurrentUserProfileView.swift */,
			);
			path = View;
			sourceTree = "<group>";
		};
		67F2F39B2CD416440093774B /* ViewModel */ = {
			isa = PBXGroup;
			children = (
				67F2F39E2CD416890093774B /* FeedViewModel.swift */,
			);
			path = ViewModel;
			sourceTree = "<group>";
		};
		67F2F39C2CD416480093774B /* View */ = {
			isa = PBXGroup;
			children = (
				67CAF8E42CD240880036711A /* FeedView.swift */,
				67CAF8E62CD24A7E0036711A /* FeedCell.swift */,
			);
			path = View;
			sourceTree = "<group>";
		};
		67F2F39D2CD4164C0093774B /* Service */ = {
			isa = PBXGroup;
			children = (
			);
			path = Service;
			sourceTree = "<group>";
		};
		67F2F3A22CD686860093774B /* ViewModel */ = {
			isa = PBXGroup;
			children = (
				67F2F3E82CD7C4A10093774B /* LoginViewModel.swift */,
				67F2F3EA2CD7CBE10093774B /* RegistrationViewModel.swift */,
			);
			path = ViewModel;
			sourceTree = "<group>";
		};
		67F2F3A32CD6868B0093774B /* View */ = {
			isa = PBXGroup;
			children = (
				67F2F3AB2CD688450093774B /* LoginView.swift */,
				67F2F3AD2CD6884E0093774B /* RegistrationView.swift */,
			);
			path = View;
			sourceTree = "<group>";
		};
		67F2F3A42CD6868E0093774B /* Service */ = {
			isa = PBXGroup;
			children = (
				67F2F3E62CD7C1780093774B /* AuthService.swift */,
			);
			path = Service;
			sourceTree = "<group>";
		};
		67F2F3A52CD686910093774B /* Protocols */ = {
			isa = PBXGroup;
			children = (
				67F2F3B12CD6BDD50093774B /* AuthenticationFormProtocol.swift */,
			);
			path = Protocols;
			sourceTree = "<group>";
		};
		67F2F3A62CD686940093774B /* Model */ = {
			isa = PBXGroup;
			children = (
			);
			path = Model;
			sourceTree = "<group>";
		};
/* End PBXGroup section */

/* Begin PBXNativeTarget section */
		67CAF8C02CD08ACD0036711A /* Tiktok Tutorial */ = {
			isa = PBXNativeTarget;
			buildConfigurationList = 67CAF8CF2CD08ACF0036711A /* Build configuration list for PBXNativeTarget "Tiktok Tutorial" */;
			buildPhases = (
				67CAF8BD2CD08ACD0036711A /* Sources */,
				67CAF8BE2CD08ACD0036711A /* Frameworks */,
				67CAF8BF2CD08ACD0036711A /* Resources */,
			);
			buildRules = (
			);
			dependencies = (
			);
			name = "Tiktok Tutorial";
			packageProductDependencies = (
				67F2F3B62CD7A61A0093774B /* FirebaseAnalytics */,
				67F2F3B82CD7A61A0093774B /* FirebaseAnalyticsOnDeviceConversion */,
				67F2F3BA2CD7A61A0093774B /* FirebaseAnalyticsWithoutAdIdSupport */,
				67F2F3BC2CD7A61A0093774B /* FirebaseAppCheck */,
				67F2F3BE2CD7A61A0093774B /* FirebaseAppDistribution-Beta */,
				67F2F3C02CD7A61A0093774B /* FirebaseAuth */,
				67F2F3C22CD7A61A0093774B /* FirebaseAuthCombine-Community */,
				67F2F3C42CD7A61A0093774B /* FirebaseCore */,
				67F2F3C62CD7A61A0093774B /* FirebaseCrashlytics */,
				67F2F3C82CD7A61A0093774B /* FirebaseDatabase */,
				67F2F3CA2CD7A61A0093774B /* FirebaseDynamicLinks */,
				67F2F3CC2CD7A61A0093774B /* FirebaseFirestore */,
				67F2F3CE2CD7A61A0093774B /* FirebaseFirestoreCombine-Community */,
				67F2F3D02CD7A61A0093774B /* FirebaseFunctions */,
				67F2F3D22CD7A61A0093774B /* FirebaseFunctionsCombine-Community */,
				67F2F3D42CD7A61A0093774B /* FirebaseInAppMessaging-Beta */,
				67F2F3D62CD7A61A0093774B /* FirebaseInstallations */,
				67F2F3D82CD7A61A0093774B /* FirebaseMLModelDownloader */,
				67F2F3DA2CD7A61A0093774B /* FirebaseMessaging */,
				67F2F3DC2CD7A61A0093774B /* FirebasePerformance */,
				67F2F3DE2CD7A61A0093774B /* FirebaseRemoteConfig */,
				67F2F3E02CD7A61A0093774B /* FirebaseStorage */,
				67F2F3E22CD7A61A0093774B /* FirebaseStorageCombine-Community */,
				67F2F3E42CD7A61A0093774B /* FirebaseVertexAI */,
			);
			productName = "Tiktok Tutorial";
			productReference = 67CAF8C12CD08ACD0036711A /* Tiktok Tutorial.app */;
			productType = "com.apple.product-type.application";
		};
/* End PBXNativeTarget section */

/* Begin PBXProject section */
		67CAF8B92CD08ACC0036711A /* Project object */ = {
			isa = PBXProject;
			attributes = {
				BuildIndependentTargetsInParallel = 1;
				LastSwiftUpdateCheck = 1540;
				LastUpgradeCheck = 1540;
				TargetAttributes = {
					67CAF8C02CD08ACD0036711A = {
						CreatedOnToolsVersion = 15.4;
					};
				};
			};
			buildConfigurationList = 67CAF8BC2CD08ACC0036711A /* Build configuration list for PBXProject "Tiktok Tutorial" */;
			compatibilityVersion = "Xcode 14.0";
			developmentRegion = en;
			hasScannedForEncodings = 0;
			knownRegions = (
				en,
				Base,
			);
			mainGroup = 67CAF8B82CD08ACC0036711A;
			packageReferences = (
				67F2F3B52CD7A61A0093774B /* XCRemoteSwiftPackageReference "firebase-ios-sdk" */,
			);
			productRefGroup = 67CAF8C22CD08ACD0036711A /* Products */;
			projectDirPath = "";
			projectRoot = "";
			targets = (
				67CAF8C02CD08ACD0036711A /* Tiktok Tutorial */,
			);
		};
/* End PBXProject section */

/* Begin PBXResourcesBuildPhase section */
		67CAF8BF2CD08ACD0036711A /* Resources */ = {
			isa = PBXResourcesBuildPhase;
			buildActionMask = 2147483647;
			files = (
				67CAF8CC2CD08ACF0036711A /* Preview Assets.xcassets in Resources */,
				67CAF8C92CD08ACF0036711A /* Assets.xcassets in Resources */,
				67F2F3B42CD7A5270093774B /* GoogleService-Info.plist in Resources */,
			);
			runOnlyForDeploymentPostprocessing = 0;
		};
/* End PBXResourcesBuildPhase section */

/* Begin PBXSourcesBuildPhase section */
		67CAF8BD2CD08ACD0036711A /* Sources */ = {
			isa = PBXSourcesBuildPhase;
			buildActionMask = 2147483647;
			files = (
				67CAF8E52CD240880036711A /* FeedView.swift in Sources */,
				67F2F3A12CD423A80093774B /* CustomVideoPlayer.swift in Sources */,
				67F2F3E92CD7C4A10093774B /* LoginViewModel.swift in Sources */,
				67E6DC472CDAAA6600610896 /* User.swift in Sources */,
				67CAF8EF2CD312ED0036711A /* NotificationCell.swift in Sources */,
				67F2F3AE2CD6884E0093774B /* RegistrationView.swift in Sources */,
				67E6DC4A2CDAAC1F00610896 /* UserService.swift in Sources */,
				67E6DC4C2CDB909900610896 /* PreviewProvider.swift in Sources */,
				67F2F3922CD3A70B0093774B /* ProfileHeaderView.swift in Sources */,
				67F2F3B02CD68A360093774B /* StandardTextFieldModifier.swift in Sources */,
				67F2F3E72CD7C1780093774B /* AuthService.swift in Sources */,
				67F2F3ED2CD7DC580093774B /* ContentViewModel.swift in Sources */,
				67F2F3982CD3AA510093774B /* UserStatView.swift in Sources */,
				67CAF8E72CD24A7E0036711A /* FeedCell.swift in Sources */,
				67F2F39F2CD416890093774B /* FeedViewModel.swift in Sources */,
				67F2F39A2CD416080093774B /* Post.swift in Sources */,
				67F2F3B22CD6BDD50093774B /* AuthenticationFormProtocol.swift in Sources */,
				67F2F3EB2CD7CBE10093774B /* RegistrationViewModel.swift in Sources */,
				67CAF8C72CD08ACD0036711A /* ContentView.swift in Sources */,
				67CAF8ED2CD312E20036711A /* NotificationView.swift in Sources */,
				67E6DC502CDB953800610896 /* ExploreViewModel.swift in Sources */,
				67F2F3AC2CD688450093774B /* LoginView.swift in Sources */,
				67CAF8C52CD08ACD0036711A /* Tiktok_TutorialApp.swift in Sources */,
				67CAF8E92CD29FCF0036711A /* ExploreView.swift in Sources */,
				67F2F3942CD3A7200093774B /* PostGridView.swift in Sources */,
				67F2F3902CD39D8E0093774B /* CurrentUserProfileView.swift in Sources */,
				67CAF8E32CD1893B0036711A /* MainTabView.swift in Sources */,
				67CAF8EB2CD29FE10036711A /* UserCell.swift in Sources */,
			);
			runOnlyForDeploymentPostprocessing = 0;
		};
/* End PBXSourcesBuildPhase section */

/* Begin XCBuildConfiguration section */
		67CAF8CD2CD08ACF0036711A /* Debug */ = {
			isa = XCBuildConfiguration;
			buildSettings = {
				ALWAYS_SEARCH_USER_PATHS = NO;
				ASSETCATALOG_COMPILER_GENERATE_SWIFT_ASSET_SYMBOL_EXTENSIONS = YES;
				CLANG_ANALYZER_NONNULL = YES;
				CLANG_ANALYZER_NUMBER_OBJECT_CONVERSION = YES_AGGRESSIVE;
				CLANG_CXX_LANGUAGE_STANDARD = "gnu++20";
				CLANG_ENABLE_MODULES = YES;
				CLANG_ENABLE_OBJC_ARC = YES;
				CLANG_ENABLE_OBJC_WEAK = YES;
				CLANG_WARN_BLOCK_CAPTURE_AUTORELEASING = YES;
				CLANG_WARN_BOOL_CONVERSION = YES;
				CLANG_WARN_COMMA = YES;
				CLANG_WARN_CONSTANT_CONVERSION = YES;
				CLANG_WARN_DEPRECATED_OBJC_IMPLEMENTATIONS = YES;
				CLANG_WARN_DIRECT_OBJC_ISA_USAGE = YES_ERROR;
				CLANG_WARN_DOCUMENTATION_COMMENTS = YES;
				CLANG_WARN_EMPTY_BODY = YES;
				CLANG_WARN_ENUM_CONVERSION = YES;
				CLANG_WARN_INFINITE_RECURSION = YES;
				CLANG_WARN_INT_CONVERSION = YES;
				CLANG_WARN_NON_LITERAL_NULL_CONVERSION = YES;
				CLANG_WARN_OBJC_IMPLICIT_RETAIN_SELF = YES;
				CLANG_WARN_OBJC_LITERAL_CONVERSION = YES;
				CLANG_WARN_OBJC_ROOT_CLASS = YES_ERROR;
				CLANG_WARN_QUOTED_INCLUDE_IN_FRAMEWORK_HEADER = YES;
				CLANG_WARN_RANGE_LOOP_ANALYSIS = YES;
				CLANG_WARN_STRICT_PROTOTYPES = YES;
				CLANG_WARN_SUSPICIOUS_MOVE = YES;
				CLANG_WARN_UNGUARDED_AVAILABILITY = YES_AGGRESSIVE;
				CLANG_WARN_UNREACHABLE_CODE = YES;
				CLANG_WARN__DUPLICATE_METHOD_MATCH = YES;
				COPY_PHASE_STRIP = NO;
				DEBUG_INFORMATION_FORMAT = dwarf;
				ENABLE_STRICT_OBJC_MSGSEND = YES;
				ENABLE_TESTABILITY = YES;
				ENABLE_USER_SCRIPT_SANDBOXING = YES;
				GCC_C_LANGUAGE_STANDARD = gnu17;
				GCC_DYNAMIC_NO_PIC = NO;
				GCC_NO_COMMON_BLOCKS = YES;
				GCC_OPTIMIZATION_LEVEL = 0;
				GCC_PREPROCESSOR_DEFINITIONS = (
					"DEBUG=1",
					"$(inherited)",
				);
				GCC_WARN_64_TO_32_BIT_CONVERSION = YES;
				GCC_WARN_ABOUT_RETURN_TYPE = YES_ERROR;
				GCC_WARN_UNDECLARED_SELECTOR = YES;
				GCC_WARN_UNINITIALIZED_AUTOS = YES_AGGRESSIVE;
				GCC_WARN_UNUSED_FUNCTION = YES;
				GCC_WARN_UNUSED_VARIABLE = YES;
				IPHONEOS_DEPLOYMENT_TARGET = 17.5;
				LOCALIZATION_PREFERS_STRING_CATALOGS = YES;
				MTL_ENABLE_DEBUG_INFO = INCLUDE_SOURCE;
				MTL_FAST_MATH = YES;
				ONLY_ACTIVE_ARCH = YES;
				SDKROOT = iphoneos;
				SWIFT_ACTIVE_COMPILATION_CONDITIONS = "DEBUG $(inherited)";
				SWIFT_OPTIMIZATION_LEVEL = "-Onone";
			};
			name = Debug;
		};
		67CAF8CE2CD08ACF0036711A /* Release */ = {
			isa = XCBuildConfiguration;
			buildSettings = {
				ALWAYS_SEARCH_USER_PATHS = NO;
				ASSETCATALOG_COMPILER_GENERATE_SWIFT_ASSET_SYMBOL_EXTENSIONS = YES;
				CLANG_ANALYZER_NONNULL = YES;
				CLANG_ANALYZER_NUMBER_OBJECT_CONVERSION = YES_AGGRESSIVE;
				CLANG_CXX_LANGUAGE_STANDARD = "gnu++20";
				CLANG_ENABLE_MODULES = YES;
				CLANG_ENABLE_OBJC_ARC = YES;
				CLANG_ENABLE_OBJC_WEAK = YES;
				CLANG_WARN_BLOCK_CAPTURE_AUTORELEASING = YES;
				CLANG_WARN_BOOL_CONVERSION = YES;
				CLANG_WARN_COMMA = YES;
				CLANG_WARN_CONSTANT_CONVERSION = YES;
				CLANG_WARN_DEPRECATED_OBJC_IMPLEMENTATIONS = YES;
				CLANG_WARN_DIRECT_OBJC_ISA_USAGE = YES_ERROR;
				CLANG_WARN_DOCUMENTATION_COMMENTS = YES;
				CLANG_WARN_EMPTY_BODY = YES;
				CLANG_WARN_ENUM_CONVERSION = YES;
				CLANG_WARN_INFINITE_RECURSION = YES;
				CLANG_WARN_INT_CONVERSION = YES;
				CLANG_WARN_NON_LITERAL_NULL_CONVERSION = YES;
				CLANG_WARN_OBJC_IMPLICIT_RETAIN_SELF = YES;
				CLANG_WARN_OBJC_LITERAL_CONVERSION = YES;
				CLANG_WARN_OBJC_ROOT_CLASS = YES_ERROR;
				CLANG_WARN_QUOTED_INCLUDE_IN_FRAMEWORK_HEADER = YES;
				CLANG_WARN_RANGE_LOOP_ANALYSIS = YES;
				CLANG_WARN_STRICT_PROTOTYPES = YES;
				CLANG_WARN_SUSPICIOUS_MOVE = YES;
				CLANG_WARN_UNGUARDED_AVAILABILITY = YES_AGGRESSIVE;
				CLANG_WARN_UNREACHABLE_CODE = YES;
				CLANG_WARN__DUPLICATE_METHOD_MATCH = YES;
				COPY_PHASE_STRIP = NO;
				DEBUG_INFORMATION_FORMAT = "dwarf-with-dsym";
				ENABLE_NS_ASSERTIONS = NO;
				ENABLE_STRICT_OBJC_MSGSEND = YES;
				ENABLE_USER_SCRIPT_SANDBOXING = YES;
				GCC_C_LANGUAGE_STANDARD = gnu17;
				GCC_NO_COMMON_BLOCKS = YES;
				GCC_WARN_64_TO_32_BIT_CONVERSION = YES;
				GCC_WARN_ABOUT_RETURN_TYPE = YES_ERROR;
				GCC_WARN_UNDECLARED_SELECTOR = YES;
				GCC_WARN_UNINITIALIZED_AUTOS = YES_AGGRESSIVE;
				GCC_WARN_UNUSED_FUNCTION = YES;
				GCC_WARN_UNUSED_VARIABLE = YES;
				IPHONEOS_DEPLOYMENT_TARGET = 17.5;
				LOCALIZATION_PREFERS_STRING_CATALOGS = YES;
				MTL_ENABLE_DEBUG_INFO = NO;
				MTL_FAST_MATH = YES;
				SDKROOT = iphoneos;
				SWIFT_COMPILATION_MODE = wholemodule;
				VALIDATE_PRODUCT = YES;
			};
			name = Release;
		};
		67CAF8D02CD08ACF0036711A /* Debug */ = {
			isa = XCBuildConfiguration;
			buildSettings = {
				ASSETCATALOG_COMPILER_APPICON_NAME = AppIcon;
				ASSETCATALOG_COMPILER_GLOBAL_ACCENT_COLOR_NAME = AccentColor;
				CODE_SIGN_STYLE = Automatic;
				CURRENT_PROJECT_VERSION = 1;
				DEVELOPMENT_ASSET_PATHS = "\"Tiktok Tutorial/Preview Content\"";
				DEVELOPMENT_TEAM = L6M78ZXF68;
				ENABLE_PREVIEWS = YES;
				GENERATE_INFOPLIST_FILE = YES;
				INFOPLIST_KEY_UIApplicationSceneManifest_Generation = YES;
				INFOPLIST_KEY_UIApplicationSupportsIndirectInputEvents = YES;
				INFOPLIST_KEY_UILaunchScreen_Generation = YES;
				INFOPLIST_KEY_UISupportedInterfaceOrientations_iPad = "UIInterfaceOrientationPortrait UIInterfaceOrientationPortraitUpsideDown UIInterfaceOrientationLandscapeLeft UIInterfaceOrientationLandscapeRight";
				INFOPLIST_KEY_UISupportedInterfaceOrientations_iPhone = "UIInterfaceOrientationPortrait UIInterfaceOrientationLandscapeLeft UIInterfaceOrientationLandscapeRight";
				LD_RUNPATH_SEARCH_PATHS = (
					"$(inherited)",
					"@executable_path/Frameworks",
				);
				MARKETING_VERSION = 1.0;
				PRODUCT_BUNDLE_IDENTIFIER = "com.anhdinh.Tiktok-Tutorial";
				PRODUCT_NAME = "$(TARGET_NAME)";
				SWIFT_EMIT_LOC_STRINGS = YES;
				SWIFT_VERSION = 5.0;
				TARGETED_DEVICE_FAMILY = "1,2";
			};
			name = Debug;
		};
		67CAF8D12CD08ACF0036711A /* Release */ = {
			isa = XCBuildConfiguration;
			buildSettings = {
				ASSETCATALOG_COMPILER_APPICON_NAME = AppIcon;
				ASSETCATALOG_COMPILER_GLOBAL_ACCENT_COLOR_NAME = AccentColor;
				CODE_SIGN_STYLE = Automatic;
				CURRENT_PROJECT_VERSION = 1;
				DEVELOPMENT_ASSET_PATHS = "\"Tiktok Tutorial/Preview Content\"";
				DEVELOPMENT_TEAM = L6M78ZXF68;
				ENABLE_PREVIEWS = YES;
				GENERATE_INFOPLIST_FILE = YES;
				INFOPLIST_KEY_UIApplicationSceneManifest_Generation = YES;
				INFOPLIST_KEY_UIApplicationSupportsIndirectInputEvents = YES;
				INFOPLIST_KEY_UILaunchScreen_Generation = YES;
				INFOPLIST_KEY_UISupportedInterfaceOrientations_iPad = "UIInterfaceOrientationPortrait UIInterfaceOrientationPortraitUpsideDown UIInterfaceOrientationLandscapeLeft UIInterfaceOrientationLandscapeRight";
				INFOPLIST_KEY_UISupportedInterfaceOrientations_iPhone = "UIInterfaceOrientationPortrait UIInterfaceOrientationLandscapeLeft UIInterfaceOrientationLandscapeRight";
				LD_RUNPATH_SEARCH_PATHS = (
					"$(inherited)",
					"@executable_path/Frameworks",
				);
				MARKETING_VERSION = 1.0;
				PRODUCT_BUNDLE_IDENTIFIER = "com.anhdinh.Tiktok-Tutorial";
				PRODUCT_NAME = "$(TARGET_NAME)";
				SWIFT_EMIT_LOC_STRINGS = YES;
				SWIFT_VERSION = 5.0;
				TARGETED_DEVICE_FAMILY = "1,2";
			};
			name = Release;
		};
/* End XCBuildConfiguration section */

/* Begin XCConfigurationList section */
		67CAF8BC2CD08ACC0036711A /* Build configuration list for PBXProject "Tiktok Tutorial" */ = {
			isa = XCConfigurationList;
			buildConfigurations = (
				67CAF8CD2CD08ACF0036711A /* Debug */,
				67CAF8CE2CD08ACF0036711A /* Release */,
			);
			defaultConfigurationIsVisible = 0;
			defaultConfigurationName = Release;
		};
		67CAF8CF2CD08ACF0036711A /* Build configuration list for PBXNativeTarget "Tiktok Tutorial" */ = {
			isa = XCConfigurationList;
			buildConfigurations = (
				67CAF8D02CD08ACF0036711A /* Debug */,
				67CAF8D12CD08ACF0036711A /* Release */,
			);
			defaultConfigurationIsVisible = 0;
			defaultConfigurationName = Release;
		};
/* End XCConfigurationList section */

/* Begin XCRemoteSwiftPackageReference section */
		67F2F3B52CD7A61A0093774B /* XCRemoteSwiftPackageReference "firebase-ios-sdk" */ = {
			isa = XCRemoteSwiftPackageReference;
			repositoryURL = "https://github.com/firebase/firebase-ios-sdk.git";
			requirement = {
				kind = upToNextMajorVersion;
				minimumVersion = 11.4.0;
			};
		};
/* End XCRemoteSwiftPackageReference section */

/* Begin XCSwiftPackageProductDependency section */
		67F2F3B62CD7A61A0093774B /* FirebaseAnalytics */ = {
			isa = XCSwiftPackageProductDependency;
			package = 67F2F3B52CD7A61A0093774B /* XCRemoteSwiftPackageReference "firebase-ios-sdk" */;
			productName = FirebaseAnalytics;
		};
		67F2F3B82CD7A61A0093774B /* FirebaseAnalyticsOnDeviceConversion */ = {
			isa = XCSwiftPackageProductDependency;
			package = 67F2F3B52CD7A61A0093774B /* XCRemoteSwiftPackageReference "firebase-ios-sdk" */;
			productName = FirebaseAnalyticsOnDeviceConversion;
		};
		67F2F3BA2CD7A61A0093774B /* FirebaseAnalyticsWithoutAdIdSupport */ = {
			isa = XCSwiftPackageProductDependency;
			package = 67F2F3B52CD7A61A0093774B /* XCRemoteSwiftPackageReference "firebase-ios-sdk" */;
			productName = FirebaseAnalyticsWithoutAdIdSupport;
		};
		67F2F3BC2CD7A61A0093774B /* FirebaseAppCheck */ = {
			isa = XCSwiftPackageProductDependency;
			package = 67F2F3B52CD7A61A0093774B /* XCRemoteSwiftPackageReference "firebase-ios-sdk" */;
			productName = FirebaseAppCheck;
		};
		67F2F3BE2CD7A61A0093774B /* FirebaseAppDistribution-Beta */ = {
			isa = XCSwiftPackageProductDependency;
			package = 67F2F3B52CD7A61A0093774B /* XCRemoteSwiftPackageReference "firebase-ios-sdk" */;
			productName = "FirebaseAppDistribution-Beta";
		};
		67F2F3C02CD7A61A0093774B /* FirebaseAuth */ = {
			isa = XCSwiftPackageProductDependency;
			package = 67F2F3B52CD7A61A0093774B /* XCRemoteSwiftPackageReference "firebase-ios-sdk" */;
			productName = FirebaseAuth;
		};
		67F2F3C22CD7A61A0093774B /* FirebaseAuthCombine-Community */ = {
			isa = XCSwiftPackageProductDependency;
			package = 67F2F3B52CD7A61A0093774B /* XCRemoteSwiftPackageReference "firebase-ios-sdk" */;
			productName = "FirebaseAuthCombine-Community";
		};
		67F2F3C42CD7A61A0093774B /* FirebaseCore */ = {
			isa = XCSwiftPackageProductDependency;
			package = 67F2F3B52CD7A61A0093774B /* XCRemoteSwiftPackageReference "firebase-ios-sdk" */;
			productName = FirebaseCore;
		};
		67F2F3C62CD7A61A0093774B /* FirebaseCrashlytics */ = {
			isa = XCSwiftPackageProductDependency;
			package = 67F2F3B52CD7A61A0093774B /* XCRemoteSwiftPackageReference "firebase-ios-sdk" */;
			productName = FirebaseCrashlytics;
		};
		67F2F3C82CD7A61A0093774B /* FirebaseDatabase */ = {
			isa = XCSwiftPackageProductDependency;
			package = 67F2F3B52CD7A61A0093774B /* XCRemoteSwiftPackageReference "firebase-ios-sdk" */;
			productName = FirebaseDatabase;
		};
		67F2F3CA2CD7A61A0093774B /* FirebaseDynamicLinks */ = {
			isa = XCSwiftPackageProductDependency;
			package = 67F2F3B52CD7A61A0093774B /* XCRemoteSwiftPackageReference "firebase-ios-sdk" */;
			productName = FirebaseDynamicLinks;
		};
		67F2F3CC2CD7A61A0093774B /* FirebaseFirestore */ = {
			isa = XCSwiftPackageProductDependency;
			package = 67F2F3B52CD7A61A0093774B /* XCRemoteSwiftPackageReference "firebase-ios-sdk" */;
			productName = FirebaseFirestore;
		};
		67F2F3CE2CD7A61A0093774B /* FirebaseFirestoreCombine-Community */ = {
			isa = XCSwiftPackageProductDependency;
			package = 67F2F3B52CD7A61A0093774B /* XCRemoteSwiftPackageReference "firebase-ios-sdk" */;
			productName = "FirebaseFirestoreCombine-Community";
		};
		67F2F3D02CD7A61A0093774B /* FirebaseFunctions */ = {
			isa = XCSwiftPackageProductDependency;
			package = 67F2F3B52CD7A61A0093774B /* XCRemoteSwiftPackageReference "firebase-ios-sdk" */;
			productName = FirebaseFunctions;
		};
		67F2F3D22CD7A61A0093774B /* FirebaseFunctionsCombine-Community */ = {
			isa = XCSwiftPackageProductDependency;
			package = 67F2F3B52CD7A61A0093774B /* XCRemoteSwiftPackageReference "firebase-ios-sdk" */;
			productName = "FirebaseFunctionsCombine-Community";
		};
		67F2F3D42CD7A61A0093774B /* FirebaseInAppMessaging-Beta */ = {
			isa = XCSwiftPackageProductDependency;
			package = 67F2F3B52CD7A61A0093774B /* XCRemoteSwiftPackageReference "firebase-ios-sdk" */;
			productName = "FirebaseInAppMessaging-Beta";
		};
		67F2F3D62CD7A61A0093774B /* FirebaseInstallations */ = {
			isa = XCSwiftPackageProductDependency;
			package = 67F2F3B52CD7A61A0093774B /* XCRemoteSwiftPackageReference "firebase-ios-sdk" */;
			productName = FirebaseInstallations;
		};
		67F2F3D82CD7A61A0093774B /* FirebaseMLModelDownloader */ = {
			isa = XCSwiftPackageProductDependency;
			package = 67F2F3B52CD7A61A0093774B /* XCRemoteSwiftPackageReference "firebase-ios-sdk" */;
			productName = FirebaseMLModelDownloader;
		};
		67F2F3DA2CD7A61A0093774B /* FirebaseMessaging */ = {
			isa = XCSwiftPackageProductDependency;
			package = 67F2F3B52CD7A61A0093774B /* XCRemoteSwiftPackageReference "firebase-ios-sdk" */;
			productName = FirebaseMessaging;
		};
		67F2F3DC2CD7A61A0093774B /* FirebasePerformance */ = {
			isa = XCSwiftPackageProductDependency;
			package = 67F2F3B52CD7A61A0093774B /* XCRemoteSwiftPackageReference "firebase-ios-sdk" */;
			productName = FirebasePerformance;
		};
		67F2F3DE2CD7A61A0093774B /* FirebaseRemoteConfig */ = {
			isa = XCSwiftPackageProductDependency;
			package = 67F2F3B52CD7A61A0093774B /* XCRemoteSwiftPackageReference "firebase-ios-sdk" */;
			productName = FirebaseRemoteConfig;
		};
		67F2F3E02CD7A61A0093774B /* FirebaseStorage */ = {
			isa = XCSwiftPackageProductDependency;
			package = 67F2F3B52CD7A61A0093774B /* XCRemoteSwiftPackageReference "firebase-ios-sdk" */;
			productName = FirebaseStorage;
		};
		67F2F3E22CD7A61A0093774B /* FirebaseStorageCombine-Community */ = {
			isa = XCSwiftPackageProductDependency;
			package = 67F2F3B52CD7A61A0093774B /* XCRemoteSwiftPackageReference "firebase-ios-sdk" */;
			productName = "FirebaseStorageCombine-Community";
		};
		67F2F3E42CD7A61A0093774B /* FirebaseVertexAI */ = {
			isa = XCSwiftPackageProductDependency;
			package = 67F2F3B52CD7A61A0093774B /* XCRemoteSwiftPackageReference "firebase-ios-sdk" */;
			productName = FirebaseVertexAI;
		};
/* End XCSwiftPackageProductDependency section */
	};
	rootObject = 67CAF8B92CD08ACC0036711A /* Project object */;
}
